
Microsoft Visual Studio Solution File, Format Version 12.00
# Visual Studio Version 16
VisualStudioVersion = 16.0.30621.155
MinimumVisualStudioVersion = 10.0.40219.1
Project("{FAE04EC0-301F-11D3-BF4B-00C04F79EFBC}") = "LSP", "LSP.csproj", "{B3C033C4-25FB-4E0A-93D5-E307F5A83BBE}"
EndProject
Global
	GlobalSection(SolutionConfigurationPlatforms) = preSolution
		Debug|Any CPU = Debug|Any CPU
		Release|Any CPU = Release|Any CPU
	EndGlobalSection
	GlobalSection(ProjectConfigurationPlatforms) = postSolution
		{B3C033C4-25FB-4E0A-93D5-E307F5A83BBE}.Debug|Any CPU.ActiveCfg = Debug|Any CPU
		{B3C033C4-25FB-4E0A-93D5-E307F5A83BBE}.Debug|Any CPU.Build.0 = Debug|Any CPU
		{B3C033C4-25FB-4E0A-93D5-E307F5A83BBE}.Release|Any CPU.ActiveCfg = Release|Any CPU
		{B3C033C4-25FB-4E0A-93D5-E307F5A83BBE}.Release|Any CPU.Build.0 = Release|Any CPU
	EndGlobalSection
	GlobalSection(SolutionProperties) = preSolution
		HideSolutionNode = FALSE
	EndGlobalSection
	GlobalSection(ExtensibilityGlobals) = postSolution
		SolutionGuid = {61EEFCA2-48BF-471F-B3EA-063B946C2610}
	EndGlobalSection
EndGlobal
